// !$*UTF8*$!
{
	archiveVersion = 1;
	classes = {
	};
	objectVersion = 77;
	objects = {

/* Begin PBXContainerItemProxy section */
		4BE4E92A2CE491380098CEB1 /* PBXContainerItemProxy */ = {
			isa = PBXContainerItemProxy;
			containerPortal = 4BE4E90B2CE491370098CEB1 /* Project object */;
			proxyType = 1;
			remoteGlobalIDString = 4BE4E9122CE491370098CEB1;
			remoteInfo = NarutoCharacters;
		};
		4BE4E9342CE491380098CEB1 /* PBXContainerItemProxy */ = {
			isa = PBXContainerItemProxy;
			containerPortal = 4BE4E90B2CE491370098CEB1 /* Project object */;
			proxyType = 1;
			remoteGlobalIDString = 4BE4E9122CE491370098CEB1;
			remoteInfo = NarutoCharacters;
		};
/* End PBXContainerItemProxy section */

/* Begin PBXFileReference section */
		4BE4E9132CE491370098CEB1 /* NarutoCharacters.app */ = {isa = PBXFileReference; explicitFileType = wrapper.application; includeInIndex = 0; path = NarutoCharacters.app; sourceTree = BUILT_PRODUCTS_DIR; };
		4BE4E9292CE491380098CEB1 /* NarutoCharactersTests.xctest */ = {isa = PBXFileReference; explicitFileType = wrapper.cfbundle; includeInIndex = 0; path = NarutoCharactersTests.xctest; sourceTree = BUILT_PRODUCTS_DIR; };
		4BE4E9332CE491380098CEB1 /* NarutoCharactersUITests.xctest */ = {isa = PBXFileReference; explicitFileType = wrapper.cfbundle; includeInIndex = 0; path = NarutoCharactersUITests.xctest; sourceTree = BUILT_PRODUCTS_DIR; };
/* End PBXFileReference section */

/* Begin PBXFileSystemSynchronizedBuildFileExceptionSet section */
		4BE4E93B2CE491380098CEB1 /* Exceptions for "NarutoCharacters" folder in "NarutoCharacters" target */ = {
			isa = PBXFileSystemSynchronizedBuildFileExceptionSet;
			membershipExceptions = (
				Info.plist,
			);
			target = 4BE4E9122CE491370098CEB1 /* NarutoCharacters */;
		};
/* End PBXFileSystemSynchronizedBuildFileExceptionSet section */

/* Begin PBXFileSystemSynchronizedRootGroup section */
		4BE4E9152CE491370098CEB1 /* NarutoCharacters */ = {
			isa = PBXFileSystemSynchronizedRootGroup;
			exceptions = (
				4BE4E93B2CE491380098CEB1 /* Exceptions for "NarutoCharacters" folder in "NarutoCharacters" target */,
			);
			path = NarutoCharacters;
			sourceTree = "<group>";
		};
		4BE4E92C2CE491380098CEB1 /* NarutoCharactersTests */ = {
			isa = PBXFileSystemSynchronizedRootGroup;
			path = NarutoCharactersTests;
			sourceTree = "<group>";
		};
		4BE4E9362CE491380098CEB1 /* NarutoCharactersUITests */ = {
			isa = PBXFileSystemSynchronizedRootGroup;
			path = NarutoCharactersUITests;
			sourceTree = "<group>";
		};
/* End PBXFileSystemSynchronizedRootGroup section */

/* Begin PBXFrameworksBuildPhase section */
		4BE4E9102CE491370098CEB1 /* Frameworks */ = {
			isa = PBXFrameworksBuildPhase;
			buildActionMask = 2147483647;
			files = (
			);
			runOnlyForDeploymentPostprocessing = 0;
		};
		4BE4E9262CE491380098CEB1 /* Frameworks */ = {
			isa = PBXFrameworksBuildPhase;
			buildActionMask = 2147483647;
			files = (
			);
			runOnlyForDeploymentPostprocessing = 0;
		};
		4BE4E9302CE491380098CEB1 /* Frameworks */ = {
			isa = PBXFrameworksBuildPhase;
			buildActionMask = 2147483647;
			files = (
			);
			runOnlyForDeploymentPostprocessing = 0;
		};
/* End PBXFrameworksBuildPhase section */

/* Begin PBXGroup section */
		4BE4E90A2CE491370098CEB1 = {
			isa = PBXGroup;
			children = (
				4BE4E9152CE491370098CEB1 /* NarutoCharacters */,
				4BE4E92C2CE491380098CEB1 /* NarutoCharactersTests */,
				4BE4E9362CE491380098CEB1 /* NarutoCharactersUITests */,
				4BE4E9142CE491370098CEB1 /* Products */,
			);
			sourceTree = "<group>";
		};
		4BE4E9142CE491370098CEB1 /* Products */ = {
			isa = PBXGroup;
			children = (
				4BE4E9132CE491370098CEB1 /* NarutoCharacters.app */,
				4BE4E9292CE491380098CEB1 /* NarutoCharactersTests.xctest */,
				4BE4E9332CE491380098CEB1 /* NarutoCharactersUITests.xctest */,
			);
			name = Products;
			sourceTree = "<group>";
		};
/* End PBXGroup section */

/* Begin PBXNativeTarget section */
		4BE4E9122CE491370098CEB1 /* NarutoCharacters */ = {
			isa = PBXNativeTarget;
			buildConfigurationList = 4BE4E93C2CE491380098CEB1 /* Build configuration list for PBXNativeTarget "NarutoCharacters" */;
			buildPhases = (
				4BE4E90F2CE491370098CEB1 /* Sources */,
				4BE4E9102CE491370098CEB1 /* Frameworks */,
				4BE4E9112CE491370098CEB1 /* Resources */,
			);
			buildRules = (
			);
			dependencies = (
			);
			fileSystemSynchronizedGroups = (
				4BE4E9152CE491370098CEB1 /* NarutoCharacters */,
			);
			name = NarutoCharacters;
			packageProductDependencies = (
			);
			productName = NarutoCharacters;
			productReference = 4BE4E9132CE491370098CEB1 /* NarutoCharacters.app */;
			productType = "com.apple.product-type.application";
		};
		4BE4E9282CE491380098CEB1 /* NarutoCharactersTests */ = {
			isa = PBXNativeTarget;
			buildConfigurationList = 4BE4E9412CE491380098CEB1 /* Build configuration list for PBXNativeTarget "NarutoCharactersTests" */;
			buildPhases = (
				4BE4E9252CE491380098CEB1 /* Sources */,
				4BE4E9262CE491380098CEB1 /* Frameworks */,
				4BE4E9272CE491380098CEB1 /* Resources */,
			);
			buildRules = (
			);
			dependencies = (
				4BE4E92B2CE491380098CEB1 /* PBXTargetDependency */,
			);
			fileSystemSynchronizedGroups = (
				4BE4E92C2CE491380098CEB1 /* NarutoCharactersTests */,
			);
			name = NarutoCharactersTests;
			packageProductDependencies = (
			);
			productName = NarutoCharactersTests;
			productReference = 4BE4E9292CE491380098CEB1 /* NarutoCharactersTests.xctest */;
			productType = "com.apple.product-type.bundle.unit-test";
		};
		4BE4E9322CE491380098CEB1 /* NarutoCharactersUITests */ = {
			isa = PBXNativeTarget;
			buildConfigurationList = 4BE4E9442CE491380098CEB1 /* Build configuration list for PBXNativeTarget "NarutoCharactersUITests" */;
			buildPhases = (
				4BE4E92F2CE491380098CEB1 /* Sources */,
				4BE4E9302CE491380098CEB1 /* Frameworks */,
				4BE4E9312CE491380098CEB1 /* Resources */,
			);
			buildRules = (
			);
			dependencies = (
				4BE4E9352CE491380098CEB1 /* PBXTargetDependency */,
			);
			fileSystemSynchronizedGroups = (
				4BE4E9362CE491380098CEB1 /* NarutoCharactersUITests */,
			);
			name = NarutoCharactersUITests;
			packageProductDependencies = (
			);
			productName = NarutoCharactersUITests;
			productReference = 4BE4E9332CE491380098CEB1 /* NarutoCharactersUITests.xctest */;
			productType = "com.apple.product-type.bundle.ui-testing";
		};
/* End PBXNativeTarget section */

/* Begin PBXProject section */
		4BE4E90B2CE491370098CEB1 /* Project object */ = {
			isa = PBXProject;
			attributes = {
				BuildIndependentTargetsInParallel = 1;
				LastSwiftUpdateCheck = 1600;
				LastUpgradeCheck = 1600;
				TargetAttributes = {
					4BE4E9122CE491370098CEB1 = {
						CreatedOnToolsVersion = 16.0;
					};
					4BE4E9282CE491380098CEB1 = {
						CreatedOnToolsVersion = 16.0;
						TestTargetID = 4BE4E9122CE491370098CEB1;
					};
					4BE4E9322CE491380098CEB1 = {
						CreatedOnToolsVersion = 16.0;
						TestTargetID = 4BE4E9122CE491370098CEB1;
					};
				};
			};
			buildConfigurationList = 4BE4E90E2CE491370098CEB1 /* Build configuration list for PBXProject "NarutoCharacters" */;
			developmentRegion = en;
			hasScannedForEncodings = 0;
			knownRegions = (
				en,
				Base,
			);
			mainGroup = 4BE4E90A2CE491370098CEB1;
			minimizedProjectReferenceProxies = 1;
			preferredProjectObjectVersion = 77;
			productRefGroup = 4BE4E9142CE491370098CEB1 /* Products */;
			projectDirPath = "";
			projectRoot = "";
			targets = (
				4BE4E9122CE491370098CEB1 /* NarutoCharacters */,
				4BE4E9282CE491380098CEB1 /* NarutoCharactersTests */,
				4BE4E9322CE491380098CEB1 /* NarutoCharactersUITests */,
			);
		};
/* End PBXProject section */

/* Begin PBXResourcesBuildPhase section */
		4BE4E9112CE491370098CEB1 /* Resources */ = {
			isa = PBXResourcesBuildPhase;
			buildActionMask = 2147483647;
			files = (
			);
			runOnlyForDeploymentPostprocessing = 0;
		};
		4BE4E9272CE491380098CEB1 /* Resources */ = {
			isa = PBXResourcesBuildPhase;
			buildActionMask = 2147483647;
			files = (
			);
			runOnlyForDeploymentPostprocessing = 0;
		};
		4BE4E9312CE491380098CEB1 /* Resources */ = {
			isa = PBXResourcesBuildPhase;
			buildActionMask = 2147483647;
			files = (
			);
			runOnlyForDeploymentPostprocessing = 0;
		};
/* End PBXResourcesBuildPhase section */

/* Begin PBXSourcesBuildPhase section */
		4BE4E90F2CE491370098CEB1 /* Sources */ = {
			isa = PBXSourcesBuildPhase;
			buildActionMask = 2147483647;
			files = (
			);
			runOnlyForDeploymentPostprocessing = 0;
		};
		4BE4E9252CE491380098CEB1 /* Sources */ = {
			isa = PBXSourcesBuildPhase;
			buildActionMask = 2147483647;
			files = (
			);
			runOnlyForDeploymentPostprocessing = 0;
		};
		4BE4E92F2CE491380098CEB1 /* Sources */ = {
			isa = PBXSourcesBuildPhase;
			buildActionMask = 2147483647;
			files = (
			);
			runOnlyForDeploymentPostprocessing = 0;
		};
/* End PBXSourcesBuildPhase section */

/* Begin PBXTargetDependency section */
		4BE4E92B2CE491380098CEB1 /* PBXTargetDependency */ = {
			isa = PBXTargetDependency;
			target = 4BE4E9122CE491370098CEB1 /* NarutoCharacters */;
			targetProxy = 4BE4E92A2CE491380098CEB1 /* PBXContainerItemProxy */;
		};
		4BE4E9352CE491380098CEB1 /* PBXTargetDependency */ = {
			isa = PBXTargetDependency;
			target = 4BE4E9122CE491370098CEB1 /* NarutoCharacters */;
			targetProxy = 4BE4E9342CE491380098CEB1 /* PBXContainerItemProxy */;
		};
/* End PBXTargetDependency section */

/* Begin XCBuildConfiguration section */
		4BE4E93D2CE491380098CEB1 /* Debug */ = {
			isa = XCBuildConfiguration;
			buildSettings = {
				ASSETCATALOG_COMPILER_APPICON_NAME = AppIcon;
				ASSETCATALOG_COMPILER_GLOBAL_ACCENT_COLOR_NAME = AccentColor;
				CODE_SIGN_STYLE = Automatic;
				CURRENT_PROJECT_VERSION = 1;
				GENERATE_INFOPLIST_FILE = YES;
				INFOPLIST_FILE = NarutoCharacters/Info.plist;
				INFOPLIST_KEY_UIApplicationSupportsIndirectInputEvents = YES;
				INFOPLIST_KEY_UILaunchStoryboardName = LaunchScreen;
				INFOPLIST_KEY_UIMainStoryboardFile = Main;
				INFOPLIST_KEY_UISupportedInterfaceOrientations_iPad = "UIInterfaceOrientationPortrait UIInterfaceOrientationPortraitUpsideDown UIInterfaceOrientationLandscapeLeft UIInterfaceOrientationLandscapeRight";
				INFOPLIST_KEY_UISupportedInterfaceOrientations_iPhone = "UIInterfaceOrientationPortrait UIInterfaceOrientationLandscapeLeft UIInterfaceOrientationLandscapeRight";
				LD_RUNPATH_SEARCH_PATHS = (
					"$(inherited)",
					"@executable_path/Frameworks",
				);
				MARKETING_VERSION = 1.0;
				PRODUCT_BUNDLE_IDENTIFIER = alanturker.NarutoCharacters;
				PRODUCT_NAME = "$(TARGET_NAME)";
				SWIFT_EMIT_LOC_STRINGS = YES;
				SWIFT_VERSION = 5.0;
				TARGETED_DEVICE_FAMILY = "1,2";
			};
			name = Debug;
		};
		4BE4E93E2CE491380098CEB1 /* Release */ = {
			isa = XCBuildConfiguration;
			buildSettings = {
				ASSETCATALOG_COMPILER_APPICON_NAME = AppIcon;
				ASSETCATALOG_COMPILER_GLOBAL_ACCENT_COLOR_NAME = AccentColor;
				CODE_SIGN_STYLE = Automatic;
				CURRENT_PROJECT_VERSION = 1;
				GENERATE_INFOPLIST_FILE = YES;
				INFOPLIST_FILE = NarutoCharacters/Info.plist;
				INFOPLIST_KEY_UIApplicationSupportsIndirectInputEvents = YES;
				INFOPLIST_KEY_UILaunchStoryboardName = LaunchScreen;
				INFOPLIST_KEY_UIMainStoryboardFile = Main;
				INFOPLIST_KEY_UISupportedInterfaceOrientations_iPad = "UIInterfaceOrientationPortrait UIInterfaceOrientationPortraitUpsideDown UIInterfaceOrientationLandscapeLeft UIInterfaceOrientationLandscapeRight";
				INFOPLIST_KEY_UISupportedInterfaceOrientations_iPhone = "UIInterfaceOrientationPortrait UIInterfaceOrientationLandscapeLeft UIInterfaceOrientationLandscapeRight";
				LD_RUNPATH_SEARCH_PATHS = (
					"$(inherited)",
					"@executable_path/Frameworks",
				);
				MARKETING_VERSION = 1.0;
				PRODUCT_BUNDLE_IDENTIFIER = alanturker.NarutoCharacters;
				PRODUCT_NAME = "$(TARGET_NAME)";
				SWIFT_EMIT_LOC_STRINGS = YES;
				SWIFT_VERSION = 5.0;
				TARGETED_DEVICE_FAMILY = "1,2";
			};
			name = Release;
		};
		4BE4E93F2CE491380098CEB1 /* Debug */ = {
			isa = XCBuildConfiguration;
			buildSettings = {
				ALWAYS_SEARCH_USER_PATHS = NO;
				ASSETCATALOG_COMPILER_GENERATE_SWIFT_ASSET_SYMBOL_EXTENSIONS = YES;
				CLANG_ANALYZER_NONNULL = YES;
				CLANG_ANALYZER_NUMBER_OBJECT_CONVERSION = YES_AGGRESSIVE;
				CLANG_CXX_LANGUAGE_STANDARD = "gnu++20";
				CLANG_ENABLE_MODULES = YES;
				CLANG_ENABLE_OBJC_ARC = YES;
				CLANG_ENABLE_OBJC_WEAK = YES;
				CLANG_WARN_BLOCK_CAPTURE_AUTORELEASING = YES;
				CLANG_WARN_BOOL_CONVERSION = YES;
				CLANG_WARN_COMMA = YES;
				CLANG_WARN_CONSTANT_CONVERSION = YES;
				CLANG_WARN_DEPRECATED_OBJC_IMPLEMENTATIONS = YES;
				CLANG_WARN_DIRECT_OBJC_ISA_USAGE = YES_ERROR;
				CLANG_WARN_DOCUMENTATION_COMMENTS = YES;
				CLANG_WARN_EMPTY_BODY = YES;
				CLANG_WARN_ENUM_CONVERSION = YES;
				CLANG_WARN_INFINITE_RECURSION = YES;
				CLANG_WARN_INT_CONVERSION = YES;
				CLANG_WARN_NON_LITERAL_NULL_CONVERSION = YES;
				CLANG_WARN_OBJC_IMPLICIT_RETAIN_SELF = YES;
				CLANG_WARN_OBJC_LITERAL_CONVERSION = YES;
				CLANG_WARN_OBJC_ROOT_CLASS = YES_ERROR;
				CLANG_WARN_QUOTED_INCLUDE_IN_FRAMEWORK_HEADER = YES;
				CLANG_WARN_RANGE_LOOP_ANALYSIS = YES;
				CLANG_WARN_STRICT_PROTOTYPES = YES;
				CLANG_WARN_SUSPICIOUS_MOVE = YES;
				CLANG_WARN_UNGUARDED_AVAILABILITY = YES_AGGRESSIVE;
				CLANG_WARN_UNREACHABLE_CODE = YES;
				CLANG_WARN__DUPLICATE_METHOD_MATCH = YES;
				COPY_PHASE_STRIP = NO;
				DEBUG_INFORMATION_FORMAT = dwarf;
				ENABLE_STRICT_OBJC_MSGSEND = YES;
				ENABLE_TESTABILITY = YES;
				ENABLE_USER_SCRIPT_SANDBOXING = YES;
				GCC_C_LANGUAGE_STANDARD = gnu17;
				GCC_DYNAMIC_NO_PIC = NO;
				GCC_NO_COMMON_BLOCKS = YES;
				GCC_OPTIMIZATION_LEVEL = 0;
				GCC_PREPROCESSOR_DEFINITIONS = (
					"DEBUG=1",
					"$(inherited)",
				);
				GCC_WARN_64_TO_32_BIT_CONVERSION = YES;
				GCC_WARN_ABOUT_RETURN_TYPE = YES_ERROR;
				GCC_WARN_UNDECLARED_SELECTOR = YES;
				GCC_WARN_UNINITIALIZED_AUTOS = YES_AGGRESSIVE;
				GCC_WARN_UNUSED_FUNCTION = YES;
				GCC_WARN_UNUSED_VARIABLE = YES;
				IPHONEOS_DEPLOYMENT_TARGET = 18.0;
				LOCALIZATION_PREFERS_STRING_CATALOGS = YES;
				MTL_ENABLE_DEBUG_INFO = INCLUDE_SOURCE;
				MTL_FAST_MATH = YES;
				ONLY_ACTIVE_ARCH = YES;
				SDKROOT = iphoneos;
				SWIFT_ACTIVE_COMPILATION_CONDITIONS = "DEBUG $(inherited)";
				SWIFT_OPTIMIZATION_LEVEL = "-Onone";
			};
			name = Debug;
		};
		4BE4E9402CE491380098CEB1 /* Release */ = {
			isa = XCBuildConfiguration;
			buildSettings = {
				ALWAYS_SEARCH_USER_PATHS = NO;
				ASSETCATALOG_COMPILER_GENERATE_SWIFT_ASSET_SYMBOL_EXTENSIONS = YES;
				CLANG_ANALYZER_NONNULL = YES;
				CLANG_ANALYZER_NUMBER_OBJECT_CONVERSION = YES_AGGRESSIVE;
				CLANG_CXX_LANGUAGE_STANDARD = "gnu++20";
				CLANG_ENABLE_MODULES = YES;
				CLANG_ENABLE_OBJC_ARC = YES;
				CLANG_ENABLE_OBJC_WEAK = YES;
				CLANG_WARN_BLOCK_CAPTURE_AUTORELEASING = YES;
				CLANG_WARN_BOOL_CONVERSION = YES;
				CLANG_WARN_COMMA = YES;
				CLANG_WARN_CONSTANT_CONVERSION = YES;
				CLANG_WARN_DEPRECATED_OBJC_IMPLEMENTATIONS = YES;
				CLANG_WARN_DIRECT_OBJC_ISA_USAGE = YES_ERROR;
				CLANG_WARN_DOCUMENTATION_COMMENTS = YES;
				CLANG_WARN_EMPTY_BODY = YES;
				CLANG_WARN_ENUM_CONVERSION = YES;
				CLANG_WARN_INFINITE_RECURSION = YES;
				CLANG_WARN_INT_CONVERSION = YES;
				CLANG_WARN_NON_LITERAL_NULL_CONVERSION = YES;
				CLANG_WARN_OBJC_IMPLICIT_RETAIN_SELF = YES;
				CLANG_WARN_OBJC_LITERAL_CONVERSION = YES;
				CLANG_WARN_OBJC_ROOT_CLASS = YES_ERROR;
				CLANG_WARN_QUOTED_INCLUDE_IN_FRAMEWORK_HEADER = YES;
				CLANG_WARN_RANGE_LOOP_ANALYSIS = YES;
				CLANG_WARN_STRICT_PROTOTYPES = YES;
				CLANG_WARN_SUSPICIOUS_MOVE = YES;
				CLANG_WARN_UNGUARDED_AVAILABILITY = YES_AGGRESSIVE;
				CLANG_WARN_UNREACHABLE_CODE = YES;
				CLANG_WARN__DUPLICATE_METHOD_MATCH = YES;
				COPY_PHASE_STRIP = NO;
				DEBUG_INFORMATION_FORMAT = "dwarf-with-dsym";
				ENABLE_NS_ASSERTIONS = NO;
				ENABLE_STRICT_OBJC_MSGSEND = YES;
				ENABLE_USER_SCRIPT_SANDBOXING = YES;
				GCC_C_LANGUAGE_STANDARD = gnu17;
				GCC_NO_COMMON_BLOCKS = YES;
				GCC_WARN_64_TO_32_BIT_CONVERSION = YES;
				GCC_WARN_ABOUT_RETURN_TYPE = YES_ERROR;
				GCC_WARN_UNDECLARED_SELECTOR = YES;
				GCC_WARN_UNINITIALIZED_AUTOS = YES_AGGRESSIVE;
				GCC_WARN_UNUSED_FUNCTION = YES;
				GCC_WARN_UNUSED_VARIABLE = YES;
				IPHONEOS_DEPLOYMENT_TARGET = 18.0;
				LOCALIZATION_PREFERS_STRING_CATALOGS = YES;
				MTL_ENABLE_DEBUG_INFO = NO;
				MTL_FAST_MATH = YES;
				SDKROOT = iphoneos;
				SWIFT_COMPILATION_MODE = wholemodule;
				VALIDATE_PRODUCT = YES;
			};
			name = Release;
		};
		4BE4E9422CE491380098CEB1 /* Debug */ = {
			isa = XCBuildConfiguration;
			buildSettings = {
				BUNDLE_LOADER = "$(TEST_HOST)";
				CODE_SIGN_STYLE = Automatic;
				CURRENT_PROJECT_VERSION = 1;
				GENERATE_INFOPLIST_FILE = YES;
				IPHONEOS_DEPLOYMENT_TARGET = 18.0;
				MARKETING_VERSION = 1.0;
				PRODUCT_BUNDLE_IDENTIFIER = alanturker.NarutoCharactersTests;
				PRODUCT_NAME = "$(TARGET_NAME)";
				SWIFT_EMIT_LOC_STRINGS = NO;
				SWIFT_VERSION = 5.0;
				TARGETED_DEVICE_FAMILY = "1,2";
				TEST_HOST = "$(BUILT_PRODUCTS_DIR)/NarutoCharacters.app/$(BUNDLE_EXECUTABLE_FOLDER_PATH)/NarutoCharacters";
			};
			name = Debug;
		};
		4BE4E9432CE491380098CEB1 /* Release */ = {
			isa = XCBuildConfiguration;
			buildSettings = {
				BUNDLE_LOADER = "$(TEST_HOST)";
				CODE_SIGN_STYLE = Automatic;
				CURRENT_PROJECT_VERSION = 1;
				GENERATE_INFOPLIST_FILE = YES;
				IPHONEOS_DEPLOYMENT_TARGET = 18.0;
				MARKETING_VERSION = 1.0;
				PRODUCT_BUNDLE_IDENTIFIER = alanturker.NarutoCharactersTests;
				PRODUCT_NAME = "$(TARGET_NAME)";
				SWIFT_EMIT_LOC_STRINGS = NO;
				SWIFT_VERSION = 5.0;
				TARGETED_DEVICE_FAMILY = "1,2";
				TEST_HOST = "$(BUILT_PRODUCTS_DIR)/NarutoCharacters.app/$(BUNDLE_EXECUTABLE_FOLDER_PATH)/NarutoCharacters";
			};
			name = Release;
		};
		4BE4E9452CE491380098CEB1 /* Debug */ = {
			isa = XCBuildConfiguration;
			buildSettings = {
				CODE_SIGN_STYLE = Automatic;
				CURRENT_PROJECT_VERSION = 1;
				GENERATE_INFOPLIST_FILE = YES;
				MARKETING_VERSION = 1.0;
				PRODUCT_BUNDLE_IDENTIFIER = alanturker.NarutoCharactersUITests;
				PRODUCT_NAME = "$(TARGET_NAME)";
				SWIFT_EMIT_LOC_STRINGS = NO;
				SWIFT_VERSION = 5.0;
				TARGETED_DEVICE_FAMILY = "1,2";
				TEST_TARGET_NAME = NarutoCharacters;
			};
			name = Debug;
		};
		4BE4E9462CE491380098CEB1 /* Release */ = {
			isa = XCBuildConfiguration;
			buildSettings = {
				CODE_SIGN_STYLE = Automatic;
				CURRENT_PROJECT_VERSION = 1;
				GENERATE_INFOPLIST_FILE = YES;
				MARKETING_VERSION = 1.0;
				PRODUCT_BUNDLE_IDENTIFIER = alanturker.NarutoCharactersUITests;
				PRODUCT_NAME = "$(TARGET_NAME)";
				SWIFT_EMIT_LOC_STRINGS = NO;
				SWIFT_VERSION = 5.0;
				TARGETED_DEVICE_FAMILY = "1,2";
				TEST_TARGET_NAME = NarutoCharacters;
			};
			name = Release;
		};
/* End XCBuildConfiguration section */

/* Begin XCConfigurationList section */
		4BE4E90E2CE491370098CEB1 /* Build configuration list for PBXProject "NarutoCharacters" */ = {
			isa = XCConfigurationList;
			buildConfigurations = (
				4BE4E93F2CE491380098CEB1 /* Debug */,
				4BE4E9402CE491380098CEB1 /* Release */,
			);
			defaultConfigurationIsVisible = 0;
			defaultConfigurationName = Release;
		};
		4BE4E93C2CE491380098CEB1 /* Build configuration list for PBXNativeTarget "NarutoCharacters" */ = {
			isa = XCConfigurationList;
			buildConfigurations = (
				4BE4E93D2CE491380098CEB1 /* Debug */,
				4BE4E93E2CE491380098CEB1 /* Release */,
			);
			defaultConfigurationIsVisible = 0;
			defaultConfigurationName = Release;
		};
		4BE4E9412CE491380098CEB1 /* Build configuration list for PBXNativeTarget "NarutoCharactersTests" */ = {
			isa = XCConfigurationList;
			buildConfigurations = (
				4BE4E9422CE491380098CEB1 /* Debug */,
				4BE4E9432CE491380098CEB1 /* Release */,
			);
			defaultConfigurationIsVisible = 0;
			defaultConfigurationName = Release;
		};
		4BE4E9442CE491380098CEB1 /* Build configuration list for PBXNativeTarget "NarutoCharactersUITests" */ = {
			isa = XCConfigurationList;
			buildConfigurations = (
				4BE4E9452CE491380098CEB1 /* Debug */,
				4BE4E9462CE491380098CEB1 /* Release */,
			);
			defaultConfigurationIsVisible = 0;
			defaultConfigurationName = Release;
		};
/* End XCConfigurationList section */
	};
	rootObject = 4BE4E90B2CE491370098CEB1 /* Project object */;
}
